
Microsoft Visual Studio Solution File, Format Version 12.00
# Visual Studio Version 17
VisualStudioVersion = 17.9.34714.143
MinimumVisualStudioVersion = 10.0.40219.1
Project("{9A19103F-16F7-4668-BE54-9A1E7A4F7556}") = "OverlyComplicatedBowling.Infrastructure", "src\OverlyComplicatedBowling.Infrastructure\OverlyComplicatedBowling.Infrastructure.csproj", "{2DC08F63-641E-4A68-8FFC-67018E49F921}"
EndProject
Project("{9A19103F-16F7-4668-BE54-9A1E7A4F7556}") = "OverlyComplicatedBowling.Infrastructure.Tests", "tests\OverlyComplicatedBowling.Infrastructure.Tests\OverlyComplicatedBowling.Infrastructure.Tests.csproj", "{F7F237D5-254B-4C4D-A2CC-104B243E6E40}"
EndProject
Project("{9A19103F-16F7-4668-BE54-9A1E7A4F7556}") = "OverlyComplicatedBowling.Domain", "src\OverlyComplicatedBowling.Domain\OverlyComplicatedBowling.Domain.csproj", "{665671B6-C497-4142-9102-BD01B6BAC776}"
EndProject
Project("{9A19103F-16F7-4668-BE54-9A1E7A4F7556}") = "OverlyComplicatedBowling.Domain.Tests", "tests\OverlyComplicatedBowling.Domain.Tests\OverlyComplicatedBowling.Domain.Tests.csproj", "{EC9E4150-B16B-4D60-9D08-8F91BE10A521}"
EndProject
Project("{9A19103F-16F7-4668-BE54-9A1E7A4F7556}") = "OverlyComplicatedBowling.Application.Tests", "tests\OverlyComplicatedBowling.Application.Tests\OverlyComplicatedBowling.Application.Tests.csproj", "{2838F7AF-0D4A-4B72-AB32-56C08DB2ABBD}"
EndProject
Project("{9A19103F-16F7-4668-BE54-9A1E7A4F7556}") = "OverlyComplicatedBowling.Application", "src\OverlyComplicatedBowling.Application\OverlyComplicatedBowling.Application.csproj", "{7297C07F-63B6-4A1F-BCD9-EF7BB0FA5123}"
EndProject
Project("{9A19103F-16F7-4668-BE54-9A1E7A4F7556}") = "OverlyComplicatedBowling.Presentation.Api", "src\OverlyComplicatedBowling.Presentation.Api\OverlyComplicatedBowling.Presentation.Api.csproj", "{C9C839C3-512A-4049-B17D-FFA1B4C1D34E}"
EndProject
Project("{9A19103F-16F7-4668-BE54-9A1E7A4F7556}") = "OverlyComplicatedBowling.Infrastructure.Migrations", "src\OverlyComplicatedBowling.Infrastructure.Migrations\OverlyComplicatedBowling.Infrastructure.Migrations.csproj", "{9465F614-56C5-47DC-81C1-6DBAA7600676}"
EndProject
Project("{9A19103F-16F7-4668-BE54-9A1E7A4F7556}") = "OverlyComplicatedBowling.Presentation.Web", "src\OverlyComplicatedBowling.Presentation.Web\OverlyComplicatedBowling.Presentation.Web.csproj", "{449DAD7E-C829-4CAA-9C9F-7340F6A8D063}"
EndProject
Project("{FAE04EC0-301F-11D3-BF4B-00C04F79EFBC}") = "OverlyComplicatedBowling.Shared", "src\OverlyComplicatedBowling.Shared\OverlyComplicatedBowling.Shared.csproj", "{FBC3D931-B6BC-48A1-BD31-B5F360BDAD6A}"
EndProject
Global
	GlobalSection(SolutionConfigurationPlatforms) = preSolution
		Debug|Any CPU = Debug|Any CPU
		Release|Any CPU = Release|Any CPU
	EndGlobalSection
	GlobalSection(ProjectConfigurationPlatforms) = postSolution
		{2DC08F63-641E-4A68-8FFC-67018E49F921}.Debug|Any CPU.ActiveCfg = Debug|Any CPU
		{2DC08F63-641E-4A68-8FFC-67018E49F921}.Debug|Any CPU.Build.0 = Debug|Any CPU
		{2DC08F63-641E-4A68-8FFC-67018E49F921}.Release|Any CPU.ActiveCfg = Release|Any CPU
		{2DC08F63-641E-4A68-8FFC-67018E49F921}.Release|Any CPU.Build.0 = Release|Any CPU
		{F7F237D5-254B-4C4D-A2CC-104B243E6E40}.Debug|Any CPU.ActiveCfg = Debug|Any CPU
		{F7F237D5-254B-4C4D-A2CC-104B243E6E40}.Debug|Any CPU.Build.0 = Debug|Any CPU
		{F7F237D5-254B-4C4D-A2CC-104B243E6E40}.Release|Any CPU.ActiveCfg = Release|Any CPU
		{F7F237D5-254B-4C4D-A2CC-104B243E6E40}.Release|Any CPU.Build.0 = Release|Any CPU
		{665671B6-C497-4142-9102-BD01B6BAC776}.Debug|Any CPU.ActiveCfg = Debug|Any CPU
		{665671B6-C497-4142-9102-BD01B6BAC776}.Debug|Any CPU.Build.0 = Debug|Any CPU
		{665671B6-C497-4142-9102-BD01B6BAC776}.Release|Any CPU.ActiveCfg = Release|Any CPU
		{665671B6-C497-4142-9102-BD01B6BAC776}.Release|Any CPU.Build.0 = Release|Any CPU
		{EC9E4150-B16B-4D60-9D08-8F91BE10A521}.Debug|Any CPU.ActiveCfg = Debug|Any CPU
		{EC9E4150-B16B-4D60-9D08-8F91BE10A521}.Debug|Any CPU.Build.0 = Debug|Any CPU
		{EC9E4150-B16B-4D60-9D08-8F91BE10A521}.Release|Any CPU.ActiveCfg = Release|Any CPU
		{EC9E4150-B16B-4D60-9D08-8F91BE10A521}.Release|Any CPU.Build.0 = Release|Any CPU
		{2838F7AF-0D4A-4B72-AB32-56C08DB2ABBD}.Debug|Any CPU.ActiveCfg = Debug|Any CPU
		{2838F7AF-0D4A-4B72-AB32-56C08DB2ABBD}.Debug|Any CPU.Build.0 = Debug|Any CPU
		{2838F7AF-0D4A-4B72-AB32-56C08DB2ABBD}.Release|Any CPU.ActiveCfg = Release|Any CPU
		{2838F7AF-0D4A-4B72-AB32-56C08DB2ABBD}.Release|Any CPU.Build.0 = Release|Any CPU
		{7297C07F-63B6-4A1F-BCD9-EF7BB0FA5123}.Debug|Any CPU.ActiveCfg = Debug|Any CPU
		{7297C07F-63B6-4A1F-BCD9-EF7BB0FA5123}.Debug|Any CPU.Build.0 = Debug|Any CPU
		{7297C07F-63B6-4A1F-BCD9-EF7BB0FA5123}.Release|Any CPU.ActiveCfg = Release|Any CPU
		{7297C07F-63B6-4A1F-BCD9-EF7BB0FA5123}.Release|Any CPU.Build.0 = Release|Any CPU
		{C9C839C3-512A-4049-B17D-FFA1B4C1D34E}.Debug|Any CPU.ActiveCfg = Debug|Any CPU
		{C9C839C3-512A-4049-B17D-FFA1B4C1D34E}.Debug|Any CPU.Build.0 = Debug|Any CPU
		{C9C839C3-512A-4049-B17D-FFA1B4C1D34E}.Release|Any CPU.ActiveCfg = Release|Any CPU
		{C9C839C3-512A-4049-B17D-FFA1B4C1D34E}.Release|Any CPU.Build.0 = Release|Any CPU
		{9465F614-56C5-47DC-81C1-6DBAA7600676}.Debug|Any CPU.ActiveCfg = Debug|Any CPU
		{9465F614-56C5-47DC-81C1-6DBAA7600676}.Debug|Any CPU.Build.0 = Debug|Any CPU
		{9465F614-56C5-47DC-81C1-6DBAA7600676}.Release|Any CPU.ActiveCfg = Release|Any CPU
		{9465F614-56C5-47DC-81C1-6DBAA7600676}.Release|Any CPU.Build.0 = Release|Any CPU
		{449DAD7E-C829-4CAA-9C9F-7340F6A8D063}.Debug|Any CPU.ActiveCfg = Debug|Any CPU
		{449DAD7E-C829-4CAA-9C9F-7340F6A8D063}.Debug|Any CPU.Build.0 = Debug|Any CPU
		{449DAD7E-C829-4CAA-9C9F-7340F6A8D063}.Release|Any CPU.ActiveCfg = Release|Any CPU
		{449DAD7E-C829-4CAA-9C9F-7340F6A8D063}.Release|Any CPU.Build.0 = Release|Any CPU
		{FBC3D931-B6BC-48A1-BD31-B5F360BDAD6A}.Debug|Any CPU.ActiveCfg = Debug|Any CPU
		{FBC3D931-B6BC-48A1-BD31-B5F360BDAD6A}.Debug|Any CPU.Build.0 = Debug|Any CPU
		{FBC3D931-B6BC-48A1-BD31-B5F360BDAD6A}.Release|Any CPU.ActiveCfg = Release|Any CPU
		{FBC3D931-B6BC-48A1-BD31-B5F360BDAD6A}.Release|Any CPU.Build.0 = Release|Any CPU
	EndGlobalSection
	GlobalSection(SolutionProperties) = preSolution
		HideSolutionNode = FALSE
	EndGlobalSection
	GlobalSection(ExtensibilityGlobals) = postSolution
		SolutionGuid = {7FC3ED82-3CC2-4DF6-9226-B0307610A8D2}
	EndGlobalSection
EndGlobal
